
Microsoft Visual Studio Solution File, Format Version 12.00
# Visual Studio 14
VisualStudioVersion = 14.0.25420.1
MinimumVisualStudioVersion = 10.0.40219.1
Project("{FAE04EC0-301F-11D3-BF4B-00C04F79EFBC}") = "DI-Interface", "DI-Interface\DI-Interface.csproj", "{C67E81FB-7AE3-4860-8AC1-F252ADE4D60C}"
EndProject
Project("{FAE04EC0-301F-11D3-BF4B-00C04F79EFBC}") = "InterfaceInjection", "InterfaceInjection\InterfaceInjection.csproj", "{7DC2ACFB-D975-48A5-A920-CD2C88002370}"
EndProject
Global
	GlobalSection(SolutionConfigurationPlatforms) = preSolution
		Debug|Any CPU = Debug|Any CPU
		Release|Any CPU = Release|Any CPU
	EndGlobalSection
	GlobalSection(ProjectConfigurationPlatforms) = postSolution
		{C67E81FB-7AE3-4860-8AC1-F252ADE4D60C}.Debug|Any CPU.ActiveCfg = Debug|Any CPU
		{C67E81FB-7AE3-4860-8AC1-F252ADE4D60C}.Debug|Any CPU.Build.0 = Debug|Any CPU
		{C67E81FB-7AE3-4860-8AC1-F252ADE4D60C}.Release|Any CPU.ActiveCfg = Release|Any CPU
		{C67E81FB-7AE3-4860-8AC1-F252ADE4D60C}.Release|Any CPU.Build.0 = Release|Any CPU
		{7DC2ACFB-D975-48A5-A920-CD2C88002370}.Debug|Any CPU.ActiveCfg = Debug|Any CPU
		{7DC2ACFB-D975-48A5-A920-CD2C88002370}.Debug|Any CPU.Build.0 = Debug|Any CPU
		{7DC2ACFB-D975-48A5-A920-CD2C88002370}.Release|Any CPU.ActiveCfg = Release|Any CPU
		{7DC2ACFB-D975-48A5-A920-CD2C88002370}.Release|Any CPU.Build.0 = Release|Any CPU
	EndGlobalSection
	GlobalSection(SolutionProperties) = preSolution
		HideSolutionNode = FALSE
	EndGlobalSection
EndGlobal
